# This file is automatically @generated by Cargo.
# It is not intended for manual editing.
version = 3

[[package]]
name = "anstyle"
version = "1.0.4"
source = "registry+https://github.com/rust-lang/crates.io-index"
checksum = "7079075b41f533b8c61d2a4d073c4676e1f8b249ff94a393b0595db304e0dd87"

[[package]]
name = "chocolate547"
version = "0.1.0"
dependencies = [
 "clap",
]

[[package]]
name = "clap"
version = "4.4.13"
source = "registry+https://github.com/rust-lang/crates.io-index"
checksum = "52bdc885e4cacc7f7c9eedc1ef6da641603180c783c41a15c264944deeaab642"
dependencies = [
 "clap_builder",
]

[[package]]
name = "clap_builder"
version = "4.4.12"
source = "registry+https://github.com/rust-lang/crates.io-index"
checksum = "fb7fb5e4e979aec3be7791562fcba452f94ad85e954da024396433e0e25a79e9"
dependencies = [
 "anstyle",
 "clap_lex",
]

[[package]]
name = "clap_lex"
version = "0.6.0"
source = "registry+https://github.com/rust-lang/crates.io-index"
checksum = "702fc72eb24e5a1e48ce58027a675bc24edd52096d5397d4aea7c6dd9eca0bd1"
